<?xml version="1.0" encoding="utf-8"?>
<Project ToolsVersion="4.0" xmlns="http://schemas.microsoft.com/developer/msbuild/2003">
  <ItemGroup>
    <Filter Include="main">
      <UniqueIdentifier>{c9c544d4-f2aa-4696-bcd2-ba6434ea34e5}</UniqueIdentifier>
    </Filter>
    <Filter Include="interfaces">
      <UniqueIdentifier>{edb81332-c453-47cf-aee8-0140d50dc12c}</UniqueIdentifier>
    </Filter>
    <Filter Include="linked_list">
      <UniqueIdentifier>{7b3f385e-97d0-45b8-915d-46090ff3ca85}</UniqueIdentifier>
    </Filter>
  </ItemGroup>
  <ItemGroup>
    <ClCompile Include="main.cpp">
      <Filter>main</Filter>
    </ClCompile>
  </ItemGroup>
  <ItemGroup>
    <ClInclude Include="solo_linked_list.h">
      <Filter>linked_list</Filter>
    </ClInclude>
    <ClInclude Include="base_node.h">
      <Filter>interfaces</Filter>
    </ClInclude>
    <ClInclude Include="base_solo_linked_list.h">
      <Filter>interfaces</Filter>
    </ClInclude>
    <ClInclude Include="base_operations.h">
      <Filter>interfaces</Filter>
    </ClInclude>
    <ClInclude Include="solo_linked_list_node.h">
      <Filter>linked_list</Filter>
    </ClInclude>
  </ItemGroup>
</Project>